
Microsoft Visual Studio Solution File, Format Version 12.00
# Visual Studio 2013
VisualStudioVersion = 12.0.21005.1
MinimumVisualStudioVersion = 10.0.40219.1
Project("{FAE04EC0-301F-11D3-BF4B-00C04F79EFBC}") = "HelloWorld", "HelloWorld\HelloWorld.csproj", "{115BA583-DBDE-4535-AF5D-BBA3E6B1A474}"
EndProject
Project("{FAE04EC0-301F-11D3-BF4B-00C04F79EFBC}") = "cmdline1", "cmdline1\cmdline1.csproj", "{3378DE01-2F68-44E8-A1F0-04652424B7C7}"
EndProject
Global
	GlobalSection(SolutionConfigurationPlatforms) = preSolution
		Debug|Any CPU = Debug|Any CPU
		Release|Any CPU = Release|Any CPU
	EndGlobalSection
	GlobalSection(ProjectConfigurationPlatforms) = postSolution
		{115BA583-DBDE-4535-AF5D-BBA3E6B1A474}.Debug|Any CPU.ActiveCfg = Debug|Any CPU
		{115BA583-DBDE-4535-AF5D-BBA3E6B1A474}.Debug|Any CPU.Build.0 = Debug|Any CPU
		{115BA583-DBDE-4535-AF5D-BBA3E6B1A474}.Release|Any CPU.ActiveCfg = Release|Any CPU
		{115BA583-DBDE-4535-AF5D-BBA3E6B1A474}.Release|Any CPU.Build.0 = Release|Any CPU
		{3378DE01-2F68-44E8-A1F0-04652424B7C7}.Debug|Any CPU.ActiveCfg = Debug|Any CPU
		{3378DE01-2F68-44E8-A1F0-04652424B7C7}.Debug|Any CPU.Build.0 = Debug|Any CPU
		{3378DE01-2F68-44E8-A1F0-04652424B7C7}.Release|Any CPU.ActiveCfg = Release|Any CPU
		{3378DE01-2F68-44E8-A1F0-04652424B7C7}.Release|Any CPU.Build.0 = Release|Any CPU
	EndGlobalSection
	GlobalSection(SolutionProperties) = preSolution
		HideSolutionNode = FALSE
	EndGlobalSection
EndGlobal
